
Microsoft Visual Studio Solution File, Format Version 12.00
# Visual Studio Version 16
VisualStudioVersion = 16.0.28922.388
MinimumVisualStudioVersion = 10.0.40219.1
Project("{9A19103F-16F7-4668-BE54-9A1E7A4F7556}") = "SeamCarving.Web", "SeamCarving.Web\SeamCarving.Web.csproj", "{EA85E800-52A8-4089-8FAD-3113061B6B3C}"
EndProject
Project("{2150E333-8FDC-42A3-9474-1A3956D46DE8}") = "Solution Items", "Solution Items", "{23C6FEBB-760D-41ED-A7A1-B9AD31DE6B65}"
	ProjectSection(SolutionItems) = preProject
		.gitattributes = .gitattributes
	EndProjectSection
EndProject
Project("{9A19103F-16F7-4668-BE54-9A1E7A4F7556}") = "SeamCarving.App", "SeamCarving.App\SeamCarving.App.csproj", "{46745202-C7EB-4DF7-8EF8-93C11FDDC035}"
EndProject
Global
	GlobalSection(SolutionConfigurationPlatforms) = preSolution
		Debug|Any CPU = Debug|Any CPU
		Release|Any CPU = Release|Any CPU
	EndGlobalSection
	GlobalSection(ProjectConfigurationPlatforms) = postSolution
		{EA85E800-52A8-4089-8FAD-3113061B6B3C}.Debug|Any CPU.ActiveCfg = Debug|Any CPU
		{EA85E800-52A8-4089-8FAD-3113061B6B3C}.Debug|Any CPU.Build.0 = Debug|Any CPU
		{EA85E800-52A8-4089-8FAD-3113061B6B3C}.Release|Any CPU.ActiveCfg = Release|Any CPU
		{EA85E800-52A8-4089-8FAD-3113061B6B3C}.Release|Any CPU.Build.0 = Release|Any CPU
		{46745202-C7EB-4DF7-8EF8-93C11FDDC035}.Debug|Any CPU.ActiveCfg = Debug|Any CPU
		{46745202-C7EB-4DF7-8EF8-93C11FDDC035}.Debug|Any CPU.Build.0 = Debug|Any CPU
		{46745202-C7EB-4DF7-8EF8-93C11FDDC035}.Release|Any CPU.ActiveCfg = Release|Any CPU
		{46745202-C7EB-4DF7-8EF8-93C11FDDC035}.Release|Any CPU.Build.0 = Release|Any CPU
	EndGlobalSection
	GlobalSection(SolutionProperties) = preSolution
		HideSolutionNode = FALSE
	EndGlobalSection
	GlobalSection(ExtensibilityGlobals) = postSolution
		SolutionGuid = {8BE159F6-58ED-400B-BA57-AB46B4DD590C}
	EndGlobalSection
EndGlobal
